// !$*UTF8*$!
{
	archiveVersion = 1;
	classes = {
	};
	objectVersion = 77;
	objects = {

/* Begin PBXBuildFile section */
		8A5955EA2EBDAFFD00DBDB8B /* SavedTVStore.swift in Sources */ = {isa = PBXBuildFile; fileRef = 8A5955E92EBDAFF500DBDB8B /* SavedTVStore.swift */; };
		8A5955EC2EBDB01000DBDB8B /* HomeView.swift in Sources */ = {isa = PBXBuildFile; fileRef = 8A5955EB2EBDB00C00DBDB8B /* HomeView.swift */; };
		8A5955F02EBDB02E00DBDB8B /* PairTVView.swift in Sources */ = {isa = PBXBuildFile; fileRef = 8A5955EF2EBDB02D00DBDB8B /* PairTVView.swift */; };
		8A5955F22EBDEA6E00DBDB8B /* LocalNetworkAuthorizer.swift in Sources */ = {isa = PBXBuildFile; fileRef = 8A5955F12EBDEA6B00DBDB8B /* LocalNetworkAuthorizer.swift */; };
		8A5955F42EBDF15600DBDB8B /* LANDiscovery.swift in Sources */ = {isa = PBXBuildFile; fileRef = 8A5955F32EBDF15300DBDB8B /* LANDiscovery.swift */; };
		8A5955F62EBDFB4C00DBDB8B /* BonjourDiscovery.swift in Sources */ = {isa = PBXBuildFile; fileRef = 8A5955F52EBDFB4000DBDB8B /* BonjourDiscovery.swift */; };
		8A5955F82EBDFB7400DBDB8B /* DiscoveryCoordinator.swift in Sources */ = {isa = PBXBuildFile; fileRef = 8A5955F72EBDFB7200DBDB8B /* DiscoveryCoordinator.swift */; };
		8ACF6D532EBBA19A00625C2B /* KeychainStore.swift in Sources */ = {isa = PBXBuildFile; fileRef = 8ACF6D4D2EBBA19A00625C2B /* KeychainStore.swift */; };
		8ACF6D542EBBA19A00625C2B /* WakeOnLAN.swift in Sources */ = {isa = PBXBuildFile; fileRef = 8ACF6D512EBBA19A00625C2B /* WakeOnLAN.swift */; };
		8ACF6D552EBBA19A00625C2B /* LGRemoteMVPApp.swift in Sources */ = {isa = PBXBuildFile; fileRef = 8ACF6D4F2EBBA19A00625C2B /* LGRemoteMVPApp.swift */; };
		8ACF6D562EBBA19A00625C2B /* WebOSTV.swift in Sources */ = {isa = PBXBuildFile; fileRef = 8ACF6D522EBBA19A00625C2B /* WebOSTV.swift */; };
		8ACF6D572EBBA19A00625C2B /* ContentView.swift in Sources */ = {isa = PBXBuildFile; fileRef = 8ACF6D4B2EBBA19A00625C2B /* ContentView.swift */; };
		8ACF6D582EBBA19A00625C2B /* RemoteView.swift in Sources */ = {isa = PBXBuildFile; fileRef = 8ACF6D502EBBA19A00625C2B /* RemoteView.swift */; };
		8ACF6D5B2EBBB49F00625C2B /* SSDPDiscovery.swift in Sources */ = {isa = PBXBuildFile; fileRef = 8ACF6D5A2EBBB49700625C2B /* SSDPDiscovery.swift */; };
		8ACF6D5F2EBBB7CB00625C2B /* Ping.swift in Sources */ = {isa = PBXBuildFile; fileRef = 8ACF6D5E2EBBB7C900625C2B /* Ping.swift */; };
		8ACF6D612EBBB7E300625C2B /* AppSettings.swift in Sources */ = {isa = PBXBuildFile; fileRef = 8ACF6D602EBBB7DE00625C2B /* AppSettings.swift */; };
		8ACF6D632EBBB81600625C2B /* Settings.swift in Sources */ = {isa = PBXBuildFile; fileRef = 8ACF6D622EBBB80C00625C2B /* Settings.swift */; };
		8ACF6D6B2EBBE20E00625C2B /* VoiceControl.swift in Sources */ = {isa = PBXBuildFile; fileRef = 8ACF6D6A2EBBE20900625C2B /* VoiceControl.swift */; };
		8ACF6D6E2EBC732000625C2B /* WebOSSocket.swift in Sources */ = {isa = PBXBuildFile; fileRef = 8ACF6D6D2EBC731D00625C2B /* WebOSSocket.swift */; };
		8ACF6D702EBC759100625C2B /* NetworkInfo.swift in Sources */ = {isa = PBXBuildFile; fileRef = 8ACF6D6F2EBC758A00625C2B /* NetworkInfo.swift */; };
/* End PBXBuildFile section */

/* Begin PBXFileReference section */
		8A5955E92EBDAFF500DBDB8B /* SavedTVStore.swift */ = {isa = PBXFileReference; lastKnownFileType = sourcecode.swift; path = SavedTVStore.swift; sourceTree = "<group>"; };
		8A5955EB2EBDB00C00DBDB8B /* HomeView.swift */ = {isa = PBXFileReference; lastKnownFileType = sourcecode.swift; path = HomeView.swift; sourceTree = "<group>"; };
		8A5955EF2EBDB02D00DBDB8B /* PairTVView.swift */ = {isa = PBXFileReference; lastKnownFileType = sourcecode.swift; path = PairTVView.swift; sourceTree = "<group>"; };
		8A5955F12EBDEA6B00DBDB8B /* LocalNetworkAuthorizer.swift */ = {isa = PBXFileReference; lastKnownFileType = sourcecode.swift; path = LocalNetworkAuthorizer.swift; sourceTree = "<group>"; };
		8A5955F32EBDF15300DBDB8B /* LANDiscovery.swift */ = {isa = PBXFileReference; lastKnownFileType = sourcecode.swift; path = LANDiscovery.swift; sourceTree = "<group>"; };
		8A5955F52EBDFB4000DBDB8B /* BonjourDiscovery.swift */ = {isa = PBXFileReference; lastKnownFileType = sourcecode.swift; path = BonjourDiscovery.swift; sourceTree = "<group>"; };
		8A5955F72EBDFB7200DBDB8B /* DiscoveryCoordinator.swift */ = {isa = PBXFileReference; lastKnownFileType = sourcecode.swift; path = DiscoveryCoordinator.swift; sourceTree = "<group>"; };
		8ACF6D342EBBA14F00625C2B /* LGRemoteMVP.app */ = {isa = PBXFileReference; explicitFileType = wrapper.application; includeInIndex = 0; path = LGRemoteMVP.app; sourceTree = BUILT_PRODUCTS_DIR; };
		8ACF6D4B2EBBA19A00625C2B /* ContentView.swift */ = {isa = PBXFileReference; lastKnownFileType = sourcecode.swift; path = ContentView.swift; sourceTree = "<group>"; };
		8ACF6D4C2EBBA19A00625C2B /* Info.plist */ = {isa = PBXFileReference; lastKnownFileType = text.plist.xml; path = Info.plist; sourceTree = "<group>"; };
		8ACF6D4D2EBBA19A00625C2B /* KeychainStore.swift */ = {isa = PBXFileReference; lastKnownFileType = sourcecode.swift; path = KeychainStore.swift; sourceTree = "<group>"; };
		8ACF6D4F2EBBA19A00625C2B /* LGRemoteMVPApp.swift */ = {isa = PBXFileReference; lastKnownFileType = sourcecode.swift; path = LGRemoteMVPApp.swift; sourceTree = "<group>"; };
		8ACF6D502EBBA19A00625C2B /* RemoteView.swift */ = {isa = PBXFileReference; lastKnownFileType = sourcecode.swift; path = RemoteView.swift; sourceTree = "<group>"; };
		8ACF6D512EBBA19A00625C2B /* WakeOnLAN.swift */ = {isa = PBXFileReference; lastKnownFileType = sourcecode.swift; path = WakeOnLAN.swift; sourceTree = "<group>"; };
		8ACF6D522EBBA19A00625C2B /* WebOSTV.swift */ = {isa = PBXFileReference; lastKnownFileType = sourcecode.swift; path = WebOSTV.swift; sourceTree = "<group>"; };
		8ACF6D5A2EBBB49700625C2B /* SSDPDiscovery.swift */ = {isa = PBXFileReference; lastKnownFileType = sourcecode.swift; path = SSDPDiscovery.swift; sourceTree = "<group>"; };
		8ACF6D5E2EBBB7C900625C2B /* Ping.swift */ = {isa = PBXFileReference; lastKnownFileType = sourcecode.swift; path = Ping.swift; sourceTree = "<group>"; };
		8ACF6D602EBBB7DE00625C2B /* AppSettings.swift */ = {isa = PBXFileReference; lastKnownFileType = sourcecode.swift; path = AppSettings.swift; sourceTree = "<group>"; };
		8ACF6D622EBBB80C00625C2B /* Settings.swift */ = {isa = PBXFileReference; lastKnownFileType = sourcecode.swift; path = Settings.swift; sourceTree = "<group>"; };
		8ACF6D692EBBE1CA00625C2B /* LGRemoteMVP-Info.plist */ = {isa = PBXFileReference; lastKnownFileType = text.plist; path = "LGRemoteMVP-Info.plist"; sourceTree = "<group>"; };
		8ACF6D6A2EBBE20900625C2B /* VoiceControl.swift */ = {isa = PBXFileReference; lastKnownFileType = sourcecode.swift; path = VoiceControl.swift; sourceTree = "<group>"; };
		8ACF6D6D2EBC731D00625C2B /* WebOSSocket.swift */ = {isa = PBXFileReference; lastKnownFileType = sourcecode.swift; path = WebOSSocket.swift; sourceTree = "<group>"; };
		8ACF6D6F2EBC758A00625C2B /* NetworkInfo.swift */ = {isa = PBXFileReference; lastKnownFileType = sourcecode.swift; path = NetworkInfo.swift; sourceTree = "<group>"; };
/* End PBXFileReference section */

/* Begin PBXFrameworksBuildPhase section */
		8ACF6D312EBBA14F00625C2B /* Frameworks */ = {
			isa = PBXFrameworksBuildPhase;
			buildActionMask = 2147483647;
			files = (
			);
			runOnlyForDeploymentPostprocessing = 0;
		};
/* End PBXFrameworksBuildPhase section */

/* Begin PBXGroup section */
		8ACF6D012EBB2CAF00625C2B = {
			isa = PBXGroup;
			children = (
				8A5955F32EBDF15300DBDB8B /* LANDiscovery.swift */,
				8A5955F72EBDFB7200DBDB8B /* DiscoveryCoordinator.swift */,
				8A5955F52EBDFB4000DBDB8B /* BonjourDiscovery.swift */,
				8ACF6D692EBBE1CA00625C2B /* LGRemoteMVP-Info.plist */,
				8ACF6D4B2EBBA19A00625C2B /* ContentView.swift */,
				8A5955E92EBDAFF500DBDB8B /* SavedTVStore.swift */,
				8A5955EB2EBDB00C00DBDB8B /* HomeView.swift */,
				8ACF6D622EBBB80C00625C2B /* Settings.swift */,
				8ACF6D4D2EBBA19A00625C2B /* KeychainStore.swift */,
				8ACF6D4F2EBBA19A00625C2B /* LGRemoteMVPApp.swift */,
				8ACF6D502EBBA19A00625C2B /* RemoteView.swift */,
				8ACF6D6A2EBBE20900625C2B /* VoiceControl.swift */,
				8ACF6D5A2EBBB49700625C2B /* SSDPDiscovery.swift */,
				8A5955F12EBDEA6B00DBDB8B /* LocalNetworkAuthorizer.swift */,
				8ACF6D6F2EBC758A00625C2B /* NetworkInfo.swift */,
				8ACF6D512EBBA19A00625C2B /* WakeOnLAN.swift */,
				8ACF6D6D2EBC731D00625C2B /* WebOSSocket.swift */,
				8ACF6D522EBBA19A00625C2B /* WebOSTV.swift */,
				8ACF6D5E2EBBB7C900625C2B /* Ping.swift */,
				8A5955EF2EBDB02D00DBDB8B /* PairTVView.swift */,
				8ACF6D602EBBB7DE00625C2B /* AppSettings.swift */,
				8ACF6D4C2EBBA19A00625C2B /* Info.plist */,
				8ACF6D0B2EBB2CAF00625C2B /* Products */,
			);
			sourceTree = "<group>";
		};
		8ACF6D0B2EBB2CAF00625C2B /* Products */ = {
			isa = PBXGroup;
			children = (
				8ACF6D342EBBA14F00625C2B /* LGRemoteMVP.app */,
			);
			name = Products;
			sourceTree = "<group>";
		};
/* End PBXGroup section */

/* Begin PBXNativeTarget section */
		8ACF6D332EBBA14F00625C2B /* LGRemoteMVP */ = {
			isa = PBXNativeTarget;
			buildConfigurationList = 8ACF6D3C2EBBA15200625C2B /* Build configuration list for PBXNativeTarget "LGRemoteMVP" */;
			buildPhases = (
				8ACF6D302EBBA14F00625C2B /* Sources */,
				8ACF6D312EBBA14F00625C2B /* Frameworks */,
				8ACF6D322EBBA14F00625C2B /* Resources */,
			);
			buildRules = (
			);
			dependencies = (
			);
			name = LGRemoteMVP;
			packageProductDependencies = (
			);
			productName = LGRemoteMVP;
			productReference = 8ACF6D342EBBA14F00625C2B /* LGRemoteMVP.app */;
			productType = "com.apple.product-type.application";
		};
/* End PBXNativeTarget section */

/* Begin PBXProject section */
		8ACF6D022EBB2CAF00625C2B /* Project object */ = {
			isa = PBXProject;
			attributes = {
				BuildIndependentTargetsInParallel = 1;
				LastSwiftUpdateCheck = 2610;
				LastUpgradeCheck = 2610;
				TargetAttributes = {
					8ACF6D332EBBA14F00625C2B = {
						CreatedOnToolsVersion = 26.1;
						LastSwiftMigration = 2610;
					};
				};
			};
			buildConfigurationList = 8ACF6D052EBB2CAF00625C2B /* Build configuration list for PBXProject "LGRemoteMVP" */;
			developmentRegion = en;
			hasScannedForEncodings = 0;
			knownRegions = (
				en,
				Base,
			);
			mainGroup = 8ACF6D012EBB2CAF00625C2B;
			minimizedProjectReferenceProxies = 1;
			preferredProjectObjectVersion = 77;
			productRefGroup = 8ACF6D0B2EBB2CAF00625C2B /* Products */;
			projectDirPath = "";
			projectRoot = "";
			targets = (
				8ACF6D332EBBA14F00625C2B /* LGRemoteMVP */,
			);
		};
/* End PBXProject section */

/* Begin PBXResourcesBuildPhase section */
		8ACF6D322EBBA14F00625C2B /* Resources */ = {
			isa = PBXResourcesBuildPhase;
			buildActionMask = 2147483647;
			files = (
			);
			runOnlyForDeploymentPostprocessing = 0;
		};
/* End PBXResourcesBuildPhase section */

/* Begin PBXSourcesBuildPhase section */
		8ACF6D302EBBA14F00625C2B /* Sources */ = {
			isa = PBXSourcesBuildPhase;
			buildActionMask = 2147483647;
			files = (
				8ACF6D532EBBA19A00625C2B /* KeychainStore.swift in Sources */,
				8A5955F82EBDFB7400DBDB8B /* DiscoveryCoordinator.swift in Sources */,
				8ACF6D542EBBA19A00625C2B /* WakeOnLAN.swift in Sources */,
				8ACF6D552EBBA19A00625C2B /* LGRemoteMVPApp.swift in Sources */,
				8A5955EC2EBDB01000DBDB8B /* HomeView.swift in Sources */,
				8A5955EA2EBDAFFD00DBDB8B /* SavedTVStore.swift in Sources */,
				8ACF6D5F2EBBB7CB00625C2B /* Ping.swift in Sources */,
				8ACF6D632EBBB81600625C2B /* Settings.swift in Sources */,
				8ACF6D6E2EBC732000625C2B /* WebOSSocket.swift in Sources */,
				8ACF6D702EBC759100625C2B /* NetworkInfo.swift in Sources */,
				8ACF6D562EBBA19A00625C2B /* WebOSTV.swift in Sources */,
				8ACF6D612EBBB7E300625C2B /* AppSettings.swift in Sources */,
				8A5955F22EBDEA6E00DBDB8B /* LocalNetworkAuthorizer.swift in Sources */,
				8A5955F42EBDF15600DBDB8B /* LANDiscovery.swift in Sources */,
				8ACF6D572EBBA19A00625C2B /* ContentView.swift in Sources */,
				8A5955F02EBDB02E00DBDB8B /* PairTVView.swift in Sources */,
				8ACF6D6B2EBBE20E00625C2B /* VoiceControl.swift in Sources */,
				8ACF6D5B2EBBB49F00625C2B /* SSDPDiscovery.swift in Sources */,
				8ACF6D582EBBA19A00625C2B /* RemoteView.swift in Sources */,
				8A5955F62EBDFB4C00DBDB8B /* BonjourDiscovery.swift in Sources */,
			);
			runOnlyForDeploymentPostprocessing = 0;
		};
/* End PBXSourcesBuildPhase section */

/* Begin XCBuildConfiguration section */
		8ACF6D132EBB2CB100625C2B /* Debug */ = {
			isa = XCBuildConfiguration;
			buildSettings = {
				ALWAYS_SEARCH_USER_PATHS = NO;
				ASSETCATALOG_COMPILER_GENERATE_SWIFT_ASSET_SYMBOL_EXTENSIONS = YES;
				CLANG_ANALYZER_NONNULL = YES;
				CLANG_ANALYZER_NUMBER_OBJECT_CONVERSION = YES_AGGRESSIVE;
				CLANG_CXX_LANGUAGE_STANDARD = "gnu++20";
				CLANG_ENABLE_MODULES = YES;
				CLANG_ENABLE_OBJC_ARC = YES;
				CLANG_ENABLE_OBJC_WEAK = YES;
				CLANG_WARN_BLOCK_CAPTURE_AUTORELEASING = YES;
				CLANG_WARN_BOOL_CONVERSION = YES;
				CLANG_WARN_COMMA = YES;
				CLANG_WARN_CONSTANT_CONVERSION = YES;
				CLANG_WARN_DEPRECATED_OBJC_IMPLEMENTATIONS = YES;
				CLANG_WARN_DIRECT_OBJC_ISA_USAGE = YES_ERROR;
				CLANG_WARN_DOCUMENTATION_COMMENTS = YES;
				CLANG_WARN_EMPTY_BODY = YES;
				CLANG_WARN_ENUM_CONVERSION = YES;
				CLANG_WARN_INFINITE_RECURSION = YES;
				CLANG_WARN_INT_CONVERSION = YES;
				CLANG_WARN_NON_LITERAL_NULL_CONVERSION = YES;
				CLANG_WARN_OBJC_IMPLICIT_RETAIN_SELF = YES;
				CLANG_WARN_OBJC_LITERAL_CONVERSION = YES;
				CLANG_WARN_OBJC_ROOT_CLASS = YES_ERROR;
				CLANG_WARN_QUOTED_INCLUDE_IN_FRAMEWORK_HEADER = YES;
				CLANG_WARN_RANGE_LOOP_ANALYSIS = YES;
				CLANG_WARN_STRICT_PROTOTYPES = YES;
				CLANG_WARN_SUSPICIOUS_MOVE = YES;
				CLANG_WARN_UNGUARDED_AVAILABILITY = YES_AGGRESSIVE;
				CLANG_WARN_UNREACHABLE_CODE = YES;
				CLANG_WARN__DUPLICATE_METHOD_MATCH = YES;
				COPY_PHASE_STRIP = NO;
				DEBUG_INFORMATION_FORMAT = dwarf;
				DEVELOPMENT_TEAM = LC9PRB3KB3;
				ENABLE_STRICT_OBJC_MSGSEND = YES;
				ENABLE_TESTABILITY = YES;
				ENABLE_USER_SCRIPT_SANDBOXING = YES;
				GCC_C_LANGUAGE_STANDARD = gnu17;
				GCC_DYNAMIC_NO_PIC = NO;
				GCC_NO_COMMON_BLOCKS = YES;
				GCC_OPTIMIZATION_LEVEL = 0;
				GCC_PREPROCESSOR_DEFINITIONS = (
					"DEBUG=1",
					"$(inherited)",
				);
				GCC_WARN_64_TO_32_BIT_CONVERSION = YES;
				GCC_WARN_ABOUT_RETURN_TYPE = YES_ERROR;
				GCC_WARN_UNDECLARED_SELECTOR = YES;
				GCC_WARN_UNINITIALIZED_AUTOS = YES_AGGRESSIVE;
				GCC_WARN_UNUSED_FUNCTION = YES;
				GCC_WARN_UNUSED_VARIABLE = YES;
				IPHONEOS_DEPLOYMENT_TARGET = 26.1;
				LOCALIZATION_PREFERS_STRING_CATALOGS = YES;
				MTL_ENABLE_DEBUG_INFO = INCLUDE_SOURCE;
				MTL_FAST_MATH = YES;
				ONLY_ACTIVE_ARCH = YES;
				SDKROOT = iphoneos;
				SWIFT_ACTIVE_COMPILATION_CONDITIONS = "DEBUG $(inherited)";
				SWIFT_OPTIMIZATION_LEVEL = "-Onone";
			};
			name = Debug;
		};
		8ACF6D142EBB2CB100625C2B /* Release */ = {
			isa = XCBuildConfiguration;
			buildSettings = {
				ALWAYS_SEARCH_USER_PATHS = NO;
				ASSETCATALOG_COMPILER_GENERATE_SWIFT_ASSET_SYMBOL_EXTENSIONS = YES;
				CLANG_ANALYZER_NONNULL = YES;
				CLANG_ANALYZER_NUMBER_OBJECT_CONVERSION = YES_AGGRESSIVE;
				CLANG_CXX_LANGUAGE_STANDARD = "gnu++20";
				CLANG_ENABLE_MODULES = YES;
				CLANG_ENABLE_OBJC_ARC = YES;
				CLANG_ENABLE_OBJC_WEAK = YES;
				CLANG_WARN_BLOCK_CAPTURE_AUTORELEASING = YES;
				CLANG_WARN_BOOL_CONVERSION = YES;
				CLANG_WARN_COMMA = YES;
				CLANG_WARN_CONSTANT_CONVERSION = YES;
				CLANG_WARN_DEPRECATED_OBJC_IMPLEMENTATIONS = YES;
				CLANG_WARN_DIRECT_OBJC_ISA_USAGE = YES_ERROR;
				CLANG_WARN_DOCUMENTATION_COMMENTS = YES;
				CLANG_WARN_EMPTY_BODY = YES;
				CLANG_WARN_ENUM_CONVERSION = YES;
				CLANG_WARN_INFINITE_RECURSION = YES;
				CLANG_WARN_INT_CONVERSION = YES;
				CLANG_WARN_NON_LITERAL_NULL_CONVERSION = YES;
				CLANG_WARN_OBJC_IMPLICIT_RETAIN_SELF = YES;
				CLANG_WARN_OBJC_LITERAL_CONVERSION = YES;
				CLANG_WARN_OBJC_ROOT_CLASS = YES_ERROR;
				CLANG_WARN_QUOTED_INCLUDE_IN_FRAMEWORK_HEADER = YES;
				CLANG_WARN_RANGE_LOOP_ANALYSIS = YES;
				CLANG_WARN_STRICT_PROTOTYPES = YES;
				CLANG_WARN_SUSPICIOUS_MOVE = YES;
				CLANG_WARN_UNGUARDED_AVAILABILITY = YES_AGGRESSIVE;
				CLANG_WARN_UNREACHABLE_CODE = YES;
				CLANG_WARN__DUPLICATE_METHOD_MATCH = YES;
				COPY_PHASE_STRIP = NO;
				DEBUG_INFORMATION_FORMAT = "dwarf-with-dsym";
				DEVELOPMENT_TEAM = LC9PRB3KB3;
				ENABLE_NS_ASSERTIONS = NO;
				ENABLE_STRICT_OBJC_MSGSEND = YES;
				ENABLE_USER_SCRIPT_SANDBOXING = YES;
				GCC_C_LANGUAGE_STANDARD = gnu17;
				GCC_NO_COMMON_BLOCKS = YES;
				GCC_WARN_64_TO_32_BIT_CONVERSION = YES;
				GCC_WARN_ABOUT_RETURN_TYPE = YES_ERROR;
				GCC_WARN_UNDECLARED_SELECTOR = YES;
				GCC_WARN_UNINITIALIZED_AUTOS = YES_AGGRESSIVE;
				GCC_WARN_UNUSED_FUNCTION = YES;
				GCC_WARN_UNUSED_VARIABLE = YES;
				IPHONEOS_DEPLOYMENT_TARGET = 26.1;
				LOCALIZATION_PREFERS_STRING_CATALOGS = YES;
				MTL_ENABLE_DEBUG_INFO = NO;
				MTL_FAST_MATH = YES;
				SDKROOT = iphoneos;
				SWIFT_COMPILATION_MODE = wholemodule;
				VALIDATE_PRODUCT = YES;
			};
			name = Release;
		};
		8ACF6D3D2EBBA15200625C2B /* Debug */ = {
			isa = XCBuildConfiguration;
			buildSettings = {
				ASSETCATALOG_COMPILER_APPICON_NAME = AppIcon;
				ASSETCATALOG_COMPILER_GLOBAL_ACCENT_COLOR_NAME = AccentColor;
				CLANG_ENABLE_MODULES = YES;
				CODE_SIGN_STYLE = Automatic;
				CURRENT_PROJECT_VERSION = 1;
				DEVELOPMENT_TEAM = LC9PRB3KB3;
				ENABLE_PREVIEWS = YES;
				GENERATE_INFOPLIST_FILE = YES;
				INFOPLIST_FILE = "LGRemoteMVP-Info.plist";
				INFOPLIST_KEY_NSLocalNetworkUsageDescription = "Scan and connect to your TV on local Wi-Fi.";
				INFOPLIST_KEY_NSMicrophoneUsageDescription = "We need the microphone to hear your voice commands";
				INFOPLIST_KEY_NSSpeechRecognitionUsageDescription = "Voice control for your TV (your speech is converted to text)";
				INFOPLIST_KEY_UIApplicationSceneManifest_Generation = YES;
				INFOPLIST_KEY_UIApplicationSupportsIndirectInputEvents = YES;
				INFOPLIST_KEY_UILaunchScreen_Generation = YES;
				INFOPLIST_KEY_UISupportedInterfaceOrientations_iPad = "UIInterfaceOrientationPortrait UIInterfaceOrientationPortraitUpsideDown UIInterfaceOrientationLandscapeLeft UIInterfaceOrientationLandscapeRight";
				INFOPLIST_KEY_UISupportedInterfaceOrientations_iPhone = "UIInterfaceOrientationPortrait UIInterfaceOrientationLandscapeLeft UIInterfaceOrientationLandscapeRight";
				LD_RUNPATH_SEARCH_PATHS = (
					"$(inherited)",
					"@executable_path/Frameworks",
				);
				MARKETING_VERSION = 1.0;
				PRODUCT_BUNDLE_IDENTIFIER = app.kiranjadhav.LGRemoteMVP;
				PRODUCT_NAME = "$(TARGET_NAME)";
				STRING_CATALOG_GENERATE_SYMBOLS = YES;
				SWIFT_APPROACHABLE_CONCURRENCY = YES;
				SWIFT_DEFAULT_ACTOR_ISOLATION = MainActor;
				SWIFT_EMIT_LOC_STRINGS = YES;
				SWIFT_OPTIMIZATION_LEVEL = "-Onone";
				SWIFT_UPCOMING_FEATURE_MEMBER_IMPORT_VISIBILITY = YES;
				SWIFT_VERSION = 5.0;
				TARGETED_DEVICE_FAMILY = "1,2";
			};
			name = Debug;
		};
		8ACF6D3E2EBBA15200625C2B /* Release */ = {
			isa = XCBuildConfiguration;
			buildSettings = {
				ASSETCATALOG_COMPILER_APPICON_NAME = AppIcon;
				ASSETCATALOG_COMPILER_GLOBAL_ACCENT_COLOR_NAME = AccentColor;
				CLANG_ENABLE_MODULES = YES;
				CODE_SIGN_STYLE = Automatic;
				CURRENT_PROJECT_VERSION = 1;
				DEVELOPMENT_TEAM = LC9PRB3KB3;
				ENABLE_PREVIEWS = YES;
				GENERATE_INFOPLIST_FILE = YES;
				INFOPLIST_FILE = "LGRemoteMVP-Info.plist";
				INFOPLIST_KEY_NSLocalNetworkUsageDescription = "Scan and connect to your TV on local Wi-Fi.";
				INFOPLIST_KEY_NSMicrophoneUsageDescription = "We need the microphone to hear your voice commands";
				INFOPLIST_KEY_NSSpeechRecognitionUsageDescription = "Voice control for your TV (your speech is converted to text)";
				INFOPLIST_KEY_UIApplicationSceneManifest_Generation = YES;
				INFOPLIST_KEY_UIApplicationSupportsIndirectInputEvents = YES;
				INFOPLIST_KEY_UILaunchScreen_Generation = YES;
				INFOPLIST_KEY_UISupportedInterfaceOrientations_iPad = "UIInterfaceOrientationPortrait UIInterfaceOrientationPortraitUpsideDown UIInterfaceOrientationLandscapeLeft UIInterfaceOrientationLandscapeRight";
				INFOPLIST_KEY_UISupportedInterfaceOrientations_iPhone = "UIInterfaceOrientationPortrait UIInterfaceOrientationLandscapeLeft UIInterfaceOrientationLandscapeRight";
				LD_RUNPATH_SEARCH_PATHS = (
					"$(inherited)",
					"@executable_path/Frameworks",
				);
				MARKETING_VERSION = 1.0;
				PRODUCT_BUNDLE_IDENTIFIER = app.kiranjadhav.LGRemoteMVP;
				PRODUCT_NAME = "$(TARGET_NAME)";
				STRING_CATALOG_GENERATE_SYMBOLS = YES;
				SWIFT_APPROACHABLE_CONCURRENCY = YES;
				SWIFT_DEFAULT_ACTOR_ISOLATION = MainActor;
				SWIFT_EMIT_LOC_STRINGS = YES;
				SWIFT_UPCOMING_FEATURE_MEMBER_IMPORT_VISIBILITY = YES;
				SWIFT_VERSION = 5.0;
				TARGETED_DEVICE_FAMILY = "1,2";
			};
			name = Release;
		};
/* End XCBuildConfiguration section */

/* Begin XCConfigurationList section */
		8ACF6D052EBB2CAF00625C2B /* Build configuration list for PBXProject "LGRemoteMVP" */ = {
			isa = XCConfigurationList;
			buildConfigurations = (
				8ACF6D132EBB2CB100625C2B /* Debug */,
				8ACF6D142EBB2CB100625C2B /* Release */,
			);
			defaultConfigurationIsVisible = 0;
			defaultConfigurationName = Release;
		};
		8ACF6D3C2EBBA15200625C2B /* Build configuration list for PBXNativeTarget "LGRemoteMVP" */ = {
			isa = XCConfigurationList;
			buildConfigurations = (
				8ACF6D3D2EBBA15200625C2B /* Debug */,
				8ACF6D3E2EBBA15200625C2B /* Release */,
			);
			defaultConfigurationIsVisible = 0;
			defaultConfigurationName = Release;
		};
/* End XCConfigurationList section */
	};
	rootObject = 8ACF6D022EBB2CAF00625C2B /* Project object */;
}
